{
  "name": "mendix-community-sass",
  "version": "1.0.0",
  "lockfileVersion": 1,
  "requires": true,
  "dependencies": {
    "sass-helpers": {
      "version": "https://github.com/JelteMX/sass-helpers/archive/1.0.1.tar.gz",
      "integrity": "sha512-WJTf+GOZVC0jiWnk3Y9e8D/gXAH0Ry7X4teIKFA97Wc8k36b+FNE+SXCZb49UYce32y+uzcMSzrzCKzsvlXtoA=="
    }
  }
}
